
Microsoft Visual Studio Solution File, Format Version 11.00
# Visual Studio 2010
Project("{FAE04EC0-301F-11D3-BF4B-00C04F79EFBC}") = "WindowsFormsApplication2", "WindowsFormsApplication2\WindowsFormsApplication2.csproj", "{E464F56A-B18B-41F6-9427-CB49C89368F0}"
EndProject
Global
	GlobalSection(SolutionConfigurationPlatforms) = preSolution
		Debug|x86 = Debug|x86
		Release|x86 = Release|x86
	EndGlobalSection
	GlobalSection(ProjectConfigurationPlatforms) = postSolution
		{E464F56A-B18B-41F6-9427-CB49C89368F0}.Debug|x86.ActiveCfg = Debug|x86
		{E464F56A-B18B-41F6-9427-CB49C89368F0}.Debug|x86.Build.0 = Debug|x86
		{E464F56A-B18B-41F6-9427-CB49C89368F0}.Release|x86.ActiveCfg = Release|x86
		{E464F56A-B18B-41F6-9427-CB49C89368F0}.Release|x86.Build.0 = Release|x86
	EndGlobalSection
	GlobalSection(SolutionProperties) = preSolution
		HideSolutionNode = FALSE
	EndGlobalSection
EndGlobal
